
Microsoft Visual Studio Solution File, Format Version 12.00
# Visual Studio Version 17
VisualStudioVersion = 17.12.35707.178 d17.12
MinimumVisualStudioVersion = 10.0.40219.1
Project("{FAE04EC0-301F-11D3-BF4B-00C04F79EFBC}") = "P01DAW_2022AE650_2023A651_reservas", "P01DAW_2022AE650_2023A651_reservas\P01DAW_2022AE650_2023A651_reservas.csproj", "{174B4BE6-133E-47BE-A766-AF6DD78F4C60}"
EndProject
Global
	GlobalSection(SolutionConfigurationPlatforms) = preSolution
		Debug|Any CPU = Debug|Any CPU
		Release|Any CPU = Release|Any CPU
	EndGlobalSection
	GlobalSection(ProjectConfigurationPlatforms) = postSolution
		{174B4BE6-133E-47BE-A766-AF6DD78F4C60}.Debug|Any CPU.ActiveCfg = Debug|Any CPU
		{174B4BE6-133E-47BE-A766-AF6DD78F4C60}.Debug|Any CPU.Build.0 = Debug|Any CPU
		{174B4BE6-133E-47BE-A766-AF6DD78F4C60}.Release|Any CPU.ActiveCfg = Release|Any CPU
		{174B4BE6-133E-47BE-A766-AF6DD78F4C60}.Release|Any CPU.Build.0 = Release|Any CPU
	EndGlobalSection
	GlobalSection(SolutionProperties) = preSolution
		HideSolutionNode = FALSE
	EndGlobalSection
EndGlobal
